
Microsoft Visual Studio Solution File, Format Version 12.00
Project("{FAE04EC0-301F-11D3-BF4B-00C04F79EFBC}") = "Alcamala", "Alcamala\Alcamala.csproj", "{7EB860D9-81D8-4E12-8BF2-EEE5A895429C}"
EndProject
Global
	GlobalSection(SolutionConfigurationPlatforms) = preSolution
		Debug|Any CPU = Debug|Any CPU
		Release|Any CPU = Release|Any CPU
	EndGlobalSection
	GlobalSection(ProjectConfigurationPlatforms) = postSolution
		{7EB860D9-81D8-4E12-8BF2-EEE5A895429C}.Debug|Any CPU.ActiveCfg = Debug|Any CPU
		{7EB860D9-81D8-4E12-8BF2-EEE5A895429C}.Debug|Any CPU.Build.0 = Debug|Any CPU
		{7EB860D9-81D8-4E12-8BF2-EEE5A895429C}.Release|Any CPU.ActiveCfg = Release|Any CPU
		{7EB860D9-81D8-4E12-8BF2-EEE5A895429C}.Release|Any CPU.Build.0 = Release|Any CPU
	EndGlobalSection
EndGlobal
